// !$*UTF8*$!
{
	archiveVersion = 1;
	classes = {
	};
	objectVersion = 50;
	objects = {

/* Begin PBXBuildFile section */
		E846AEE022C404F4000A859E /* AppDelegate.swift in Sources */ = {isa = PBXBuildFile; fileRef = E846AEDF22C404F4000A859E /* AppDelegate.swift */; };
		E846AEE222C404F4000A859E /* ViewController.swift in Sources */ = {isa = PBXBuildFile; fileRef = E846AEE122C404F4000A859E /* ViewController.swift */; };
		E846AEE522C404F4000A859E /* Main.storyboard in Resources */ = {isa = PBXBuildFile; fileRef = E846AEE322C404F4000A859E /* Main.storyboard */; };
		E846AEE722C404F5000A859E /* Assets.xcassets in Resources */ = {isa = PBXBuildFile; fileRef = E846AEE622C404F5000A859E /* Assets.xcassets */; };
		E846AEEA22C404F5000A859E /* LaunchScreen.storyboard in Resources */ = {isa = PBXBuildFile; fileRef = E846AEE822C404F5000A859E /* LaunchScreen.storyboard */; };
		E846AEFD22C40624000A859E /* LoadingUI.framework in Frameworks */ = {isa = PBXBuildFile; fileRef = E846AEF722C405CC000A859E /* LoadingUI.framework */; };
		E846AEFE22C40624000A859E /* LoadingUI.framework in Embed Frameworks */ = {isa = PBXBuildFile; fileRef = E846AEF722C405CC000A859E /* LoadingUI.framework */; settings = {ATTRIBUTES = (CodeSignOnCopy, RemoveHeadersOnCopy, ); }; };
/* End PBXBuildFile section */

/* Begin PBXContainerItemProxy section */
		E846AEF622C405CC000A859E /* PBXContainerItemProxy */ = {
			isa = PBXContainerItemProxy;
			containerPortal = E846AEF222C405CC000A859E /* LoadingUI.xcodeproj */;
			proxyType = 2;
			remoteGlobalIDString = E846AEC822C4031A000A859E;
			remoteInfo = LoadingUI;
		};
		E846AEFF22C40624000A859E /* PBXContainerItemProxy */ = {
			isa = PBXContainerItemProxy;
			containerPortal = E846AEF222C405CC000A859E /* LoadingUI.xcodeproj */;
			proxyType = 1;
			remoteGlobalIDString = E846AEC722C4031A000A859E;
			remoteInfo = LoadingUI;
		};
/* End PBXContainerItemProxy section */

/* Begin PBXCopyFilesBuildPhase section */
		E846AF0122C40624000A859E /* Embed Frameworks */ = {
			isa = PBXCopyFilesBuildPhase;
			buildActionMask = 2147483647;
			dstPath = "";
			dstSubfolderSpec = 10;
			files = (
				E846AEFE22C40624000A859E /* LoadingUI.framework in Embed Frameworks */,
			);
			name = "Embed Frameworks";
			runOnlyForDeploymentPostprocessing = 0;
		};
/* End PBXCopyFilesBuildPhase section */

/* Begin PBXFileReference section */
		E846AEDC22C404F4000A859E /* LoadingUITestt.app */ = {isa = PBXFileReference; explicitFileType = wrapper.application; includeInIndex = 0; path = LoadingUITestt.app; sourceTree = BUILT_PRODUCTS_DIR; };
		E846AEDF22C404F4000A859E /* AppDelegate.swift */ = {isa = PBXFileReference; lastKnownFileType = sourcecode.swift; path = AppDelegate.swift; sourceTree = "<group>"; };
		E846AEE122C404F4000A859E /* ViewController.swift */ = {isa = PBXFileReference; lastKnownFileType = sourcecode.swift; path = ViewController.swift; sourceTree = "<group>"; };
		E846AEE422C404F4000A859E /* Base */ = {isa = PBXFileReference; lastKnownFileType = file.storyboard; name = Base; path = Base.lproj/Main.storyboard; sourceTree = "<group>"; };
		E846AEE622C404F5000A859E /* Assets.xcassets */ = {isa = PBXFileReference; lastKnownFileType = folder.assetcatalog; path = Assets.xcassets; sourceTree = "<group>"; };
		E846AEE922C404F5000A859E /* Base */ = {isa = PBXFileReference; lastKnownFileType = file.storyboard; name = Base; path = Base.lproj/LaunchScreen.storyboard; sourceTree = "<group>"; };
		E846AEEB22C404F5000A859E /* Info.plist */ = {isa = PBXFileReference; lastKnownFileType = text.plist.xml; path = Info.plist; sourceTree = "<group>"; };
		E846AEF222C405CC000A859E /* LoadingUI.xcodeproj */ = {isa = PBXFileReference; lastKnownFileType = "wrapper.pb-project"; name = LoadingUI.xcodeproj; path = ../../../LoadingUI/LoadingUI.xcodeproj; sourceTree = "<group>"; };
/* End PBXFileReference section */

/* Begin PBXFrameworksBuildPhase section */
		E846AED922C404F4000A859E /* Frameworks */ = {
			isa = PBXFrameworksBuildPhase;
			buildActionMask = 2147483647;
			files = (
				E846AEFD22C40624000A859E /* LoadingUI.framework in Frameworks */,
			);
			runOnlyForDeploymentPostprocessing = 0;
		};
/* End PBXFrameworksBuildPhase section */

/* Begin PBXGroup section */
		E846AED322C404F4000A859E = {
			isa = PBXGroup;
			children = (
				E846AEDE22C404F4000A859E /* LoadingUITestt */,
				E846AEDD22C404F4000A859E /* Products */,
			);
			sourceTree = "<group>";
		};
		E846AEDD22C404F4000A859E /* Products */ = {
			isa = PBXGroup;
			children = (
				E846AEDC22C404F4000A859E /* LoadingUITestt.app */,
			);
			name = Products;
			sourceTree = "<group>";
		};
		E846AEDE22C404F4000A859E /* LoadingUITestt */ = {
			isa = PBXGroup;
			children = (
				E846AEDF22C404F4000A859E /* AppDelegate.swift */,
				E846AF0622C40932000A859E /* View Controllers */,
				E846AF0522C4086E000A859E /* Resources */,
				E846AEF122C405A0000A859E /* Framework */,
			);
			path = LoadingUITestt;
			sourceTree = "<group>";
		};
		E846AEF122C405A0000A859E /* Framework */ = {
			isa = PBXGroup;
			children = (
				E846AEF222C405CC000A859E /* LoadingUI.xcodeproj */,
			);
			path = Framework;
			sourceTree = "<group>";
		};
		E846AEF322C405CC000A859E /* Products */ = {
			isa = PBXGroup;
			children = (
				E846AEF722C405CC000A859E /* LoadingUI.framework */,
			);
			name = Products;
			sourceTree = "<group>";
		};
		E846AF0522C4086E000A859E /* Resources */ = {
			isa = PBXGroup;
			children = (
				E846AEE322C404F4000A859E /* Main.storyboard */,
				E846AEE622C404F5000A859E /* Assets.xcassets */,
				E846AEE822C404F5000A859E /* LaunchScreen.storyboard */,
				E846AEEB22C404F5000A859E /* Info.plist */,
			);
			path = Resources;
			sourceTree = "<group>";
		};
		E846AF0622C40932000A859E /* View Controllers */ = {
			isa = PBXGroup;
			children = (
				E846AEE122C404F4000A859E /* ViewController.swift */,
			);
			path = "View Controllers";
			sourceTree = "<group>";
		};
/* End PBXGroup section */

/* Begin PBXNativeTarget section */
		E846AEDB22C404F4000A859E /* LoadingUITestt */ = {
			isa = PBXNativeTarget;
			buildConfigurationList = E846AEEE22C404F5000A859E /* Build configuration list for PBXNativeTarget "LoadingUITestt" */;
			buildPhases = (
				E846AED822C404F4000A859E /* Sources */,
				E846AED922C404F4000A859E /* Frameworks */,
				E846AEDA22C404F4000A859E /* Resources */,
				E846AF0122C40624000A859E /* Embed Frameworks */,
			);
			buildRules = (
			);
			dependencies = (
				E846AF0022C40624000A859E /* PBXTargetDependency */,
			);
			name = LoadingUITestt;
			productName = LoadingUITestt;
			productReference = E846AEDC22C404F4000A859E /* LoadingUITestt.app */;
			productType = "com.apple.product-type.application";
		};
/* End PBXNativeTarget section */

/* Begin PBXProject section */
		E846AED422C404F4000A859E /* Project object */ = {
			isa = PBXProject;
			attributes = {
				LastSwiftUpdateCheck = 1020;
				LastUpgradeCheck = 1020;
				ORGANIZATIONNAME = "Hector Steven";
				TargetAttributes = {
					E846AEDB22C404F4000A859E = {
						CreatedOnToolsVersion = 10.2.1;
					};
				};
			};
			buildConfigurationList = E846AED722C404F4000A859E /* Build configuration list for PBXProject "LoadingUITestt" */;
			compatibilityVersion = "Xcode 9.3";
			developmentRegion = en;
			hasScannedForEncodings = 0;
			knownRegions = (
				en,
				Base,
			);
			mainGroup = E846AED322C404F4000A859E;
			productRefGroup = E846AEDD22C404F4000A859E /* Products */;
			projectDirPath = "";
			projectReferences = (
				{
					ProductGroup = E846AEF322C405CC000A859E /* Products */;
					ProjectRef = E846AEF222C405CC000A859E /* LoadingUI.xcodeproj */;
				},
			);
			projectRoot = "";
			targets = (
				E846AEDB22C404F4000A859E /* LoadingUITestt */,
			);
		};
/* End PBXProject section */

/* Begin PBXReferenceProxy section */
		E846AEF722C405CC000A859E /* LoadingUI.framework */ = {
			isa = PBXReferenceProxy;
			fileType = wrapper.framework;
			path = LoadingUI.framework;
			remoteRef = E846AEF622C405CC000A859E /* PBXContainerItemProxy */;
			sourceTree = BUILT_PRODUCTS_DIR;
		};
/* End PBXReferenceProxy section */

/* Begin PBXResourcesBuildPhase section */
		E846AEDA22C404F4000A859E /* Resources */ = {
			isa = PBXResourcesBuildPhase;
			buildActionMask = 2147483647;
			files = (
				E846AEEA22C404F5000A859E /* LaunchScreen.storyboard in Resources */,
				E846AEE722C404F5000A859E /* Assets.xcassets in Resources */,
				E846AEE522C404F4000A859E /* Main.storyboard in Resources */,
			);
			runOnlyForDeploymentPostprocessing = 0;
		};
/* End PBXResourcesBuildPhase section */

/* Begin PBXSourcesBuildPhase section */
		E846AED822C404F4000A859E /* Sources */ = {
			isa = PBXSourcesBuildPhase;
			buildActionMask = 2147483647;
			files = (
				E846AEE222C404F4000A859E /* ViewController.swift in Sources */,
				E846AEE022C404F4000A859E /* AppDelegate.swift in Sources */,
			);
			runOnlyForDeploymentPostprocessing = 0;
		};
/* End PBXSourcesBuildPhase section */

/* Begin PBXTargetDependency section */
		E846AF0022C40624000A859E /* PBXTargetDependency */ = {
			isa = PBXTargetDependency;
			name = LoadingUI;
			targetProxy = E846AEFF22C40624000A859E /* PBXContainerItemProxy */;
		};
/* End PBXTargetDependency section */

/* Begin PBXVariantGroup section */
		E846AEE322C404F4000A859E /* Main.storyboard */ = {
			isa = PBXVariantGroup;
			children = (
				E846AEE422C404F4000A859E /* Base */,
			);
			name = Main.storyboard;
			sourceTree = "<group>";
		};
		E846AEE822C404F5000A859E /* LaunchScreen.storyboard */ = {
			isa = PBXVariantGroup;
			children = (
				E846AEE922C404F5000A859E /* Base */,
			);
			name = LaunchScreen.storyboard;
			sourceTree = "<group>";
		};
/* End PBXVariantGroup section */

/* Begin XCBuildConfiguration section */
		E846AEEC22C404F5000A859E /* Debug */ = {
			isa = XCBuildConfiguration;
			buildSettings = {
				ALWAYS_SEARCH_USER_PATHS = NO;
				CLANG_ANALYZER_NONNULL = YES;
				CLANG_ANALYZER_NUMBER_OBJECT_CONVERSION = YES_AGGRESSIVE;
				CLANG_CXX_LANGUAGE_STANDARD = "gnu++14";
				CLANG_CXX_LIBRARY = "libc++";
				CLANG_ENABLE_MODULES = YES;
				CLANG_ENABLE_OBJC_ARC = YES;
				CLANG_ENABLE_OBJC_WEAK = YES;
				CLANG_WARN_BLOCK_CAPTURE_AUTORELEASING = YES;
				CLANG_WARN_BOOL_CONVERSION = YES;
				CLANG_WARN_COMMA = YES;
				CLANG_WARN_CONSTANT_CONVERSION = YES;
				CLANG_WARN_DEPRECATED_OBJC_IMPLEMENTATIONS = YES;
				CLANG_WARN_DIRECT_OBJC_ISA_USAGE = YES_ERROR;
				CLANG_WARN_DOCUMENTATION_COMMENTS = YES;
				CLANG_WARN_EMPTY_BODY = YES;
				CLANG_WARN_ENUM_CONVERSION = YES;
				CLANG_WARN_INFINITE_RECURSION = YES;
				CLANG_WARN_INT_CONVERSION = YES;
				CLANG_WARN_NON_LITERAL_NULL_CONVERSION = YES;
				CLANG_WARN_OBJC_IMPLICIT_RETAIN_SELF = YES;
				CLANG_WARN_OBJC_LITERAL_CONVERSION = YES;
				CLANG_WARN_OBJC_ROOT_CLASS = YES_ERROR;
				CLANG_WARN_RANGE_LOOP_ANALYSIS = YES;
				CLANG_WARN_STRICT_PROTOTYPES = YES;
				CLANG_WARN_SUSPICIOUS_MOVE = YES;
				CLANG_WARN_UNGUARDED_AVAILABILITY = YES_AGGRESSIVE;
				CLANG_WARN_UNREACHABLE_CODE = YES;
				CLANG_WARN__DUPLICATE_METHOD_MATCH = YES;
				CODE_SIGN_IDENTITY = "iPhone Developer";
				COPY_PHASE_STRIP = NO;
				DEBUG_INFORMATION_FORMAT = dwarf;
				ENABLE_STRICT_OBJC_MSGSEND = YES;
				ENABLE_TESTABILITY = YES;
				GCC_C_LANGUAGE_STANDARD = gnu11;
				GCC_DYNAMIC_NO_PIC = NO;
				GCC_NO_COMMON_BLOCKS = YES;
				GCC_OPTIMIZATION_LEVEL = 0;
				GCC_PREPROCESSOR_DEFINITIONS = (
					"DEBUG=1",
					"$(inherited)",
				);
				GCC_WARN_64_TO_32_BIT_CONVERSION = YES;
				GCC_WARN_ABOUT_RETURN_TYPE = YES_ERROR;
				GCC_WARN_UNDECLARED_SELECTOR = YES;
				GCC_WARN_UNINITIALIZED_AUTOS = YES_AGGRESSIVE;
				GCC_WARN_UNUSED_FUNCTION = YES;
				GCC_WARN_UNUSED_VARIABLE = YES;
				IPHONEOS_DEPLOYMENT_TARGET = 12.2;
				MTL_ENABLE_DEBUG_INFO = INCLUDE_SOURCE;
				MTL_FAST_MATH = YES;
				ONLY_ACTIVE_ARCH = YES;
				SDKROOT = iphoneos;
				SWIFT_ACTIVE_COMPILATION_CONDITIONS = DEBUG;
				SWIFT_OPTIMIZATION_LEVEL = "-Onone";
			};
			name = Debug;
		};
		E846AEED22C404F5000A859E /* Release */ = {
			isa = XCBuildConfiguration;
			buildSettings = {
				ALWAYS_SEARCH_USER_PATHS = NO;
				CLANG_ANALYZER_NONNULL = YES;
				CLANG_ANALYZER_NUMBER_OBJECT_CONVERSION = YES_AGGRESSIVE;
				CLANG_CXX_LANGUAGE_STANDARD = "gnu++14";
				CLANG_CXX_LIBRARY = "libc++";
				CLANG_ENABLE_MODULES = YES;
				CLANG_ENABLE_OBJC_ARC = YES;
				CLANG_ENABLE_OBJC_WEAK = YES;
				CLANG_WARN_BLOCK_CAPTURE_AUTORELEASING = YES;
				CLANG_WARN_BOOL_CONVERSION = YES;
				CLANG_WARN_COMMA = YES;
				CLANG_WARN_CONSTANT_CONVERSION = YES;
				CLANG_WARN_DEPRECATED_OBJC_IMPLEMENTATIONS = YES;
				CLANG_WARN_DIRECT_OBJC_ISA_USAGE = YES_ERROR;
				CLANG_WARN_DOCUMENTATION_COMMENTS = YES;
				CLANG_WARN_EMPTY_BODY = YES;
				CLANG_WARN_ENUM_CONVERSION = YES;
				CLANG_WARN_INFINITE_RECURSION = YES;
				CLANG_WARN_INT_CONVERSION = YES;
				CLANG_WARN_NON_LITERAL_NULL_CONVERSION = YES;
				CLANG_WARN_OBJC_IMPLICIT_RETAIN_SELF = YES;
				CLANG_WARN_OBJC_LITERAL_CONVERSION = YES;
				CLANG_WARN_OBJC_ROOT_CLASS = YES_ERROR;
				CLANG_WARN_RANGE_LOOP_ANALYSIS = YES;
				CLANG_WARN_STRICT_PROTOTYPES = YES;
				CLANG_WARN_SUSPICIOUS_MOVE = YES;
				CLANG_WARN_UNGUARDED_AVAILABILITY = YES_AGGRESSIVE;
				CLANG_WARN_UNREACHABLE_CODE = YES;
				CLANG_WARN__DUPLICATE_METHOD_MATCH = YES;
				CODE_SIGN_IDENTITY = "iPhone Developer";
				COPY_PHASE_STRIP = NO;
				DEBUG_INFORMATION_FORMAT = "dwarf-with-dsym";
				ENABLE_NS_ASSERTIONS = NO;
				ENABLE_STRICT_OBJC_MSGSEND = YES;
				GCC_C_LANGUAGE_STANDARD = gnu11;
				GCC_NO_COMMON_BLOCKS = YES;
				GCC_WARN_64_TO_32_BIT_CONVERSION = YES;
				GCC_WARN_ABOUT_RETURN_TYPE = YES_ERROR;
				GCC_WARN_UNDECLARED_SELECTOR = YES;
				GCC_WARN_UNINITIALIZED_AUTOS = YES_AGGRESSIVE;
				GCC_WARN_UNUSED_FUNCTION = YES;
				GCC_WARN_UNUSED_VARIABLE = YES;
				IPHONEOS_DEPLOYMENT_TARGET = 12.2;
				MTL_ENABLE_DEBUG_INFO = NO;
				MTL_FAST_MATH = YES;
				SDKROOT = iphoneos;
				SWIFT_COMPILATION_MODE = wholemodule;
				SWIFT_OPTIMIZATION_LEVEL = "-O";
				VALIDATE_PRODUCT = YES;
			};
			name = Release;
		};
		E846AEEF22C404F5000A859E /* Debug */ = {
			isa = XCBuildConfiguration;
			buildSettings = {
				ASSETCATALOG_COMPILER_APPICON_NAME = AppIcon;
				CODE_SIGN_STYLE = Automatic;
				DEVELOPMENT_TEAM = 97AS6JS382;
				INFOPLIST_FILE = "$(SRCROOT)/LoadingUITestt/Resources/Info.plist";
				LD_RUNPATH_SEARCH_PATHS = (
					"$(inherited)",
					"@executable_path/Frameworks",
				);
				PRODUCT_BUNDLE_IDENTIFIER = com.hvillasa.LoadingUITestt;
				PRODUCT_NAME = "$(TARGET_NAME)";
				SWIFT_VERSION = 5.0;
				TARGETED_DEVICE_FAMILY = "1,2";
			};
			name = Debug;
		};
		E846AEF022C404F5000A859E /* Release */ = {
			isa = XCBuildConfiguration;
			buildSettings = {
				ASSETCATALOG_COMPILER_APPICON_NAME = AppIcon;
				CODE_SIGN_STYLE = Automatic;
				DEVELOPMENT_TEAM = 97AS6JS382;
				INFOPLIST_FILE = "$(SRCROOT)/LoadingUITestt/Resources/Info.plist";
				LD_RUNPATH_SEARCH_PATHS = (
					"$(inherited)",
					"@executable_path/Frameworks",
				);
				PRODUCT_BUNDLE_IDENTIFIER = com.hvillasa.LoadingUITestt;
				PRODUCT_NAME = "$(TARGET_NAME)";
				SWIFT_VERSION = 5.0;
				TARGETED_DEVICE_FAMILY = "1,2";
			};
			name = Release;
		};
/* End XCBuildConfiguration section */

/* Begin XCConfigurationList section */
		E846AED722C404F4000A859E /* Build configuration list for PBXProject "LoadingUITestt" */ = {
			isa = XCConfigurationList;
			buildConfigurations = (
				E846AEEC22C404F5000A859E /* Debug */,
				E846AEED22C404F5000A859E /* Release */,
			);
			defaultConfigurationIsVisible = 0;
			defaultConfigurationName = Release;
		};
		E846AEEE22C404F5000A859E /* Build configuration list for PBXNativeTarget "LoadingUITestt" */ = {
			isa = XCConfigurationList;
			buildConfigurations = (
				E846AEEF22C404F5000A859E /* Debug */,
				E846AEF022C404F5000A859E /* Release */,
			);
			defaultConfigurationIsVisible = 0;
			defaultConfigurationName = Release;
		};
/* End XCConfigurationList section */
	};
	rootObject = E846AED422C404F4000A859E /* Project object */;
}
